
Microsoft Visual Studio Solution File, Format Version 12.00
# Visual Studio Version 16
VisualStudioVersion = 16.0.31129.286
MinimumVisualStudioVersion = 10.0.40219.1
Project("{FAE04EC0-301F-11D3-BF4B-00C04F79EFBC}") = "M17E_TrabalhoModelo_2020_21_WIP", "M17E_TrabalhoModelo_2020_21_WIP\M17E_TrabalhoModelo_2020_21_WIP.csproj", "{55D639EC-1666-4D77-9DD5-909B7ADAF637}"
EndProject
Global
	GlobalSection(SolutionConfigurationPlatforms) = preSolution
		Debug|Any CPU = Debug|Any CPU
		Release|Any CPU = Release|Any CPU
	EndGlobalSection
	GlobalSection(ProjectConfigurationPlatforms) = postSolution
		{55D639EC-1666-4D77-9DD5-909B7ADAF637}.Debug|Any CPU.ActiveCfg = Debug|Any CPU
		{55D639EC-1666-4D77-9DD5-909B7ADAF637}.Debug|Any CPU.Build.0 = Debug|Any CPU
		{55D639EC-1666-4D77-9DD5-909B7ADAF637}.Release|Any CPU.ActiveCfg = Release|Any CPU
		{55D639EC-1666-4D77-9DD5-909B7ADAF637}.Release|Any CPU.Build.0 = Release|Any CPU
	EndGlobalSection
	GlobalSection(SolutionProperties) = preSolution
		HideSolutionNode = FALSE
	EndGlobalSection
	GlobalSection(ExtensibilityGlobals) = postSolution
		SolutionGuid = {783F95EF-82ED-484D-A422-886D7D9A2F59}
	EndGlobalSection
EndGlobal
